
Microsoft Visual Studio Solution File, Format Version 12.00
# Visual Studio Version 16
VisualStudioVersion = 16.0.31205.134
MinimumVisualStudioVersion = 10.0.40219.1
Project("{FAE04EC0-301F-11D3-BF4B-00C04F79EFBC}") = "Comentarios", "Comentarios\Comentarios.csproj", "{D5DA17D2-D5B5-4548-8E14-53AFF42CC9BD}"
EndProject
Global
	GlobalSection(SolutionConfigurationPlatforms) = preSolution
		Debug|Any CPU = Debug|Any CPU
		Release|Any CPU = Release|Any CPU
	EndGlobalSection
	GlobalSection(ProjectConfigurationPlatforms) = postSolution
		{D5DA17D2-D5B5-4548-8E14-53AFF42CC9BD}.Debug|Any CPU.ActiveCfg = Debug|Any CPU
		{D5DA17D2-D5B5-4548-8E14-53AFF42CC9BD}.Debug|Any CPU.Build.0 = Debug|Any CPU
		{D5DA17D2-D5B5-4548-8E14-53AFF42CC9BD}.Release|Any CPU.ActiveCfg = Release|Any CPU
		{D5DA17D2-D5B5-4548-8E14-53AFF42CC9BD}.Release|Any CPU.Build.0 = Release|Any CPU
	EndGlobalSection
	GlobalSection(SolutionProperties) = preSolution
		HideSolutionNode = FALSE
	EndGlobalSection
	GlobalSection(ExtensibilityGlobals) = postSolution
		SolutionGuid = {A856CF7D-4253-493F-8C4C-8BD1EC70AC15}
	EndGlobalSection
EndGlobal
